
Microsoft Visual Studio Solution File, Format Version 12.00
# Visual Studio Version 17
VisualStudioVersion = 17.7.34031.279
MinimumVisualStudioVersion = 10.0.40219.1
Project("{9A19103F-16F7-4668-BE54-9A1E7A4F7556}") = "Play.Common", "Play.Common.csproj", "{B571BB14-AADB-45A0-A3CF-E120D466B55B}"
EndProject
Global
	GlobalSection(SolutionConfigurationPlatforms) = preSolution
		Debug|Any CPU = Debug|Any CPU
		Release|Any CPU = Release|Any CPU
	EndGlobalSection
	GlobalSection(ProjectConfigurationPlatforms) = postSolution
		{B571BB14-AADB-45A0-A3CF-E120D466B55B}.Debug|Any CPU.ActiveCfg = Debug|Any CPU
		{B571BB14-AADB-45A0-A3CF-E120D466B55B}.Debug|Any CPU.Build.0 = Debug|Any CPU
		{B571BB14-AADB-45A0-A3CF-E120D466B55B}.Release|Any CPU.ActiveCfg = Release|Any CPU
		{B571BB14-AADB-45A0-A3CF-E120D466B55B}.Release|Any CPU.Build.0 = Release|Any CPU
	EndGlobalSection
	GlobalSection(SolutionProperties) = preSolution
		HideSolutionNode = FALSE
	EndGlobalSection
	GlobalSection(ExtensibilityGlobals) = postSolution
		SolutionGuid = {0D4C09EE-3ED8-402D-9BCE-C564431607C0}
	EndGlobalSection
EndGlobal
