
Microsoft Visual Studio Solution File, Format Version 12.00
# Visual Studio Version 17
VisualStudioVersion = 17.7.34031.279
MinimumVisualStudioVersion = 10.0.40219.1
Project("{9A19103F-16F7-4668-BE54-9A1E7A4F7556}") = "Play.Catalog.Service", "Play.Catalog.Service.csproj", "{A0AC83FC-4CCF-4487-B7D7-2B3C4AE4DB5E}"
EndProject
Project("{9A19103F-16F7-4668-BE54-9A1E7A4F7556}") = "Play.Catalog.Contracts", "..\Play.Catalog.Contracts\Play.Catalog.Contracts.csproj", "{0251426B-DFAC-463A-9FF0-73D41E3F6E93}"
EndProject
Global
	GlobalSection(SolutionConfigurationPlatforms) = preSolution
		Debug|Any CPU = Debug|Any CPU
		Release|Any CPU = Release|Any CPU
	EndGlobalSection
	GlobalSection(ProjectConfigurationPlatforms) = postSolution
		{A0AC83FC-4CCF-4487-B7D7-2B3C4AE4DB5E}.Debug|Any CPU.ActiveCfg = Debug|Any CPU
		{A0AC83FC-4CCF-4487-B7D7-2B3C4AE4DB5E}.Debug|Any CPU.Build.0 = Debug|Any CPU
		{A0AC83FC-4CCF-4487-B7D7-2B3C4AE4DB5E}.Release|Any CPU.ActiveCfg = Release|Any CPU
		{A0AC83FC-4CCF-4487-B7D7-2B3C4AE4DB5E}.Release|Any CPU.Build.0 = Release|Any CPU
		{0251426B-DFAC-463A-9FF0-73D41E3F6E93}.Debug|Any CPU.ActiveCfg = Debug|Any CPU
		{0251426B-DFAC-463A-9FF0-73D41E3F6E93}.Debug|Any CPU.Build.0 = Debug|Any CPU
		{0251426B-DFAC-463A-9FF0-73D41E3F6E93}.Release|Any CPU.ActiveCfg = Release|Any CPU
		{0251426B-DFAC-463A-9FF0-73D41E3F6E93}.Release|Any CPU.Build.0 = Release|Any CPU
	EndGlobalSection
	GlobalSection(SolutionProperties) = preSolution
		HideSolutionNode = FALSE
	EndGlobalSection
	GlobalSection(ExtensibilityGlobals) = postSolution
		SolutionGuid = {97314ABD-3BBB-4993-B465-647A057E213F}
	EndGlobalSection
EndGlobal
